{
  "version": 4,
  "terraform_version": "1.3.1",
  "serial": 30,
  "lineage": "d94ebdb7-4687-c380-4f15-e095a0ea6aa5",
  "outputs": {},
  "resources": [
    {
      "mode": "managed",
      "type": "yandex_compute_instance",
      "name": "zabbix-proxy",
      "provider": "provider[\"registry.terraform.io/yandex-cloud/yandex\"]",
      "instances": [
        {
          "schema_version": 1,
          "attributes": {
            "allow_recreate": null,
            "allow_stopping_for_update": null,
            "boot_disk": [
              {
                "auto_delete": true,
                "device_name": "epd5juu0q7jbtsdvd254",
                "disk_id": "epd5juu0q7jbtsdvd254",
                "initialize_params": [
                  {
                    "block_size": 4096,
                    "description": "",
                    "image_id": "fd80bm0rh4rkepi5ksdi",
                    "name": "",
                    "size": 10,
                    "snapshot_id": "",
                    "type": "network-hdd"
                  }
                ],
                "mode": "READ_WRITE"
              }
            ],
            "created_at": "2024-01-26T16:50:55Z",
            "description": "",
            "filesystem": [],
            "folder_id": "b1ghhiu6p4f3kmmapmvu",
            "fqdn": "epd9ne81ulgsugtn3752.auto.internal",
            "gpu_cluster_id": "",
            "hostname": "",
            "id": "epd9ne81ulgsugtn3752",
            "labels": null,
            "local_disk": [],
            "maintenance_grace_period": "",
            "maintenance_policy": null,
            "metadata": {
              "ssh-keys": "kiryu:ssh-rsa AAAAB3NzaC1yc2EAAAADAQABAAABgQDYrLoHeHmlH53BC8nQ9faflI/H1yeRHbTEnRESxcjcIgs280MmzrNP94UUBDqpDCr83Bhi7yaW0fNVhJid7NTtMoWXzj8tKRnQCqkDDYvZkGR9RYyZma0haaBE5KARM46y7iBE+Tmhw5N0nX48P8iFLvsvxXLrkbFNxWFf4FWmcMLoeFrltuHU3yVIyOrmdCSJW+WfzmYK0BXKf4yBlNQddafEkrlury3yEWGEl1V5CHz5a70t1mBb+6VH56UFbdMeqNYn/3fzbNkN5vE/e41Kp8onjNV+40kwZAw+gjdEi3ZFOqHLWcshAAmo0yVlULyEMjCURZKpPyXlZRVn3utraifYiGEege6pHbFFzVCjz+9usHWXkYMaXDWK86LKI8Jh1VuXMEotzv5O8/LngJO6RVvQAl4cCtdWoA5GP77/s+sLu/Xg7cUJhopyLHO6X2aIJSuTFyUtHDVrLDYEK97D5NSQYTd3f5OtDtEhTm34yxaSwvuXD+IybwJ5hjMGDws= kiryu@kiryu-UPC\n",
              "user-data": "#cloud-config\ndatasource:\n Ec2:\n  strict_id: false\nssh_pwauth: no\nusers:\n- name: kiryu\n  groups: sudo\n  shell: /bin/bash\n  sudo: ALL=(ALL) NOPASSWD:ALL\n  ssh_authorized_keys:\n  - ssh-rsa AAAAB3NzaC1yc2EAAAADAQABAAABgQDYrLoHeHmlH53BC8nQ9faflI/H1yeRHbTEnRESxcjcIgs280MmzrNP94UUBDqpDCr83Bhi7yaW0fNVhJid7NTtMoWXzj8tKRnQCqkDDYvZkGR9RYyZma0haaBE5KARM46y7iBE+Tmhw5N0nX48P8iFLvsvxXLrkbFNxWFf4FWmcMLoeFrltuHU3yVIyOrmdCSJW+WfzmYK0BXKf4yBlNQddafEkrlury3yEWGEl1V5CHz5a70t1mBb+6VH56UFbdMeqNYn/3fzbNkN5vE/e41Kp8onjNV+40kwZAw+gjdEi3ZFOqHLWcshAAmo0yVlULyEMjCURZKpPyXlZRVn3utraifYiGEege6pHbFFzVCjz+9usHWXkYMaXDWK86LKI8Jh1VuXMEotzv5O8/LngJO6RVvQAl4cCtdWoA5GP77/s+sLu/Xg7cUJhopyLHO6X2aIJSuTFyUtHDVrLDYEK97D5NSQYTd3f5OtDtEhTm34yxaSwvuXD+IybwJ5hjMGDws= kiryu@kiryu-UPC\nruncmd: []\n"
            },
            "metadata_options": [
              {
                "aws_v1_http_endpoint": 1,
                "aws_v1_http_token": 2,
                "gce_http_endpoint": 1,
                "gce_http_token": 1
              }
            ],
            "name": "zabbix-proxy",
            "network_acceleration_type": "standard",
            "network_interface": [
              {
                "dns_record": [],
                "index": 0,
                "ip_address": "192.168.0.9",
                "ipv4": true,
                "ipv6": false,
                "ipv6_address": "",
                "ipv6_dns_record": [],
                "mac_address": "d0:0d:9b:b9:01:f5",
                "nat": true,
                "nat_dns_record": [],
                "nat_ip_address": "158.160.21.61",
                "nat_ip_version": "IPV4",
                "security_group_ids": [],
                "subnet_id": "e2ll0jum9fls81krp5sn"
              }
            ],
            "placement_policy": [
              {
                "host_affinity_rules": [],
                "placement_group_id": "",
                "placement_group_partition": 0
              }
            ],
            "platform_id": "standard-v1",
            "resources": [
              {
                "core_fraction": 5,
                "cores": 2,
                "gpus": 0,
                "memory": 2
              }
            ],
            "scheduling_policy": [
              {
                "preemptible": false
              }
            ],
            "secondary_disk": [],
            "service_account_id": "",
            "status": "running",
            "timeouts": null,
            "zone": "ru-central1-b"
          },
          "sensitive_attributes": [],
          "private": "eyJlMmJmYjczMC1lY2FhLTExZTYtOGY4OC0zNDM2M2JjN2M0YzAiOnsiY3JlYXRlIjozMDAwMDAwMDAwMDAsImRlbGV0ZSI6MzAwMDAwMDAwMDAwLCJ1cGRhdGUiOjMwMDAwMDAwMDAwMH0sInNjaGVtYV92ZXJzaW9uIjoiMSJ9"
        }
      ]
    }
  ],
  "check_results": []
}
